
Microsoft Visual Studio Solution File, Format Version 12.00
# Visual Studio 2012
Project("{FAE04EC0-301F-11D3-BF4B-00C04F79EFBC}") = "YoseApp", "YoseApp.csproj", "{12E1714B-C76D-402A-9699-96BD61BFE368}"
EndProject
Project("{FAE04EC0-301F-11D3-BF4B-00C04F79EFBC}") = "Tests", "..\Tests\Tests.csproj", "{F4C153D7-ACE3-41F9-9CEF-B10A94E53039}"
EndProject
Global
	GlobalSection(SolutionConfigurationPlatforms) = preSolution
		Debug|Any CPU = Debug|Any CPU
		Release|Any CPU = Release|Any CPU
	EndGlobalSection
	GlobalSection(ProjectConfigurationPlatforms) = postSolution
		{12E1714B-C76D-402A-9699-96BD61BFE368}.Debug|Any CPU.ActiveCfg = Debug|Any CPU
		{12E1714B-C76D-402A-9699-96BD61BFE368}.Debug|Any CPU.Build.0 = Debug|Any CPU
		{12E1714B-C76D-402A-9699-96BD61BFE368}.Release|Any CPU.ActiveCfg = Release|Any CPU
		{12E1714B-C76D-402A-9699-96BD61BFE368}.Release|Any CPU.Build.0 = Release|Any CPU
		{F4C153D7-ACE3-41F9-9CEF-B10A94E53039}.Debug|Any CPU.ActiveCfg = Debug|Any CPU
		{F4C153D7-ACE3-41F9-9CEF-B10A94E53039}.Debug|Any CPU.Build.0 = Debug|Any CPU
		{F4C153D7-ACE3-41F9-9CEF-B10A94E53039}.Release|Any CPU.ActiveCfg = Release|Any CPU
		{F4C153D7-ACE3-41F9-9CEF-B10A94E53039}.Release|Any CPU.Build.0 = Release|Any CPU
	EndGlobalSection
	GlobalSection(SolutionProperties) = preSolution
		HideSolutionNode = FALSE
	EndGlobalSection
EndGlobal
